<?xml version="1.0" encoding="utf-8"?>
<Project ToolsVersion="4.0" xmlns="http://schemas.microsoft.com/developer/msbuild/2003">
  <ItemGroup>
    <Filter Include="Source Files">
      <UniqueIdentifier>{4FC737F1-C7A5-4376-A066-2A32D752A2FF}</UniqueIdentifier>
      <Extensions>cpp;c;cc;cxx;def;odl;idl;hpj;bat;asm;asmx</Extensions>
    </Filter>
    <Filter Include="Header Files">
      <UniqueIdentifier>{93995380-89BD-4b04-88EB-625FBE52EBFB}</UniqueIdentifier>
      <Extensions>h;hh;hpp;hxx;hm;inl;inc;xsd</Extensions>
    </Filter>
    <Filter Include="Resource Files">
      <UniqueIdentifier>{67DA6AB6-F800-4c08-8B7A-83BB121AAD01}</UniqueIdentifier>
      <Extensions>rc;ico;cur;bmp;dlg;rc2;rct;bin;rgs;gif;jpg;jpeg;jpe;resx;tiff;tif;png;wav;mfcribbon-ms</Extensions>
    </Filter>
    <Filter Include="NonFramework">
      <UniqueIdentifier>{4e955b5b-fc21-4d4c-a79d-eb2dd2a0b945}</UniqueIdentifier>
    </Filter>
    <Filter Include="Shaders">
      <UniqueIdentifier>{b2b50b26-a570-4f6b-b7bd-7a2109b2496d}</UniqueIdentifier>
    </Filter>
    <Filter Include="D3DSetup">
      <UniqueIdentifier>{98f7d22c-5811-4874-b94a-917adcac9a36}</UniqueIdentifier>
    </Filter>
    <Filter Include="Libs">
      <UniqueIdentifier>{b5c942b3-b9a3-4ea9-91e2-dfe1d138626c}</UniqueIdentifier>
    </Filter>
    <Filter Include="D3DSetup\D3DShaderTypes">
      <UniqueIdentifier>{e810992e-765c-44da-9774-6b792bf4a10f}</UniqueIdentifier>
    </Filter>
  </ItemGroup>
  <ItemGroup>
    <ClCompile Include="Main.cpp">
      <Filter>Source Files</Filter>
    </ClCompile>
    <ClCompile Include="inputclass.cpp">
      <Filter>Source Files</Filter>
    </ClCompile>
    <ClCompile Include="systemclass.cpp">
      <Filter>Source Files</Filter>
    </ClCompile>
    <ClCompile Include="cameraclass.cpp">
      <Filter>Source Files</Filter>
    </ClCompile>
    <ClCompile Include="modelclass.cpp">
      <Filter>Source Files</Filter>
    </ClCompile>
    <ClCompile Include="Application.cpp">
      <Filter>NonFramework</Filter>
    </ClCompile>
    <ClCompile Include="IApplication.cpp">
      <Filter>NonFramework</Filter>
    </ClCompile>
    <ClCompile Include="IScene.cpp">
      <Filter>NonFramework</Filter>
    </ClCompile>
    <ClCompile Include="d3dclass.cpp">
      <Filter>D3DSetup</Filter>
    </ClCompile>
    <ClCompile Include="d3dDXGIManager.cpp">
      <Filter>D3DSetup</Filter>
    </ClCompile>
    <ClCompile Include="d3dSwapchain.cpp">
      <Filter>D3DSetup</Filter>
    </ClCompile>
    <ClCompile Include="graphicsclass.cpp">
      <Filter>D3DSetup</Filter>
    </ClCompile>
    <ClCompile Include="colorshaderclass.cpp">
      <Filter>D3DSetup</Filter>
    </ClCompile>
    <ClCompile Include="d3dDepthStencil.cpp">
      <Filter>D3DSetup</Filter>
    </ClCompile>
    <ClCompile Include="d3dRasterizerState.cpp">
      <Filter>D3DSetup</Filter>
    </ClCompile>
    <ClCompile Include="d3dVertexBuffer.cpp">
      <Filter>D3DSetup</Filter>
    </ClCompile>
    <ClCompile Include="IObject.cpp">
      <Filter>NonFramework</Filter>
    </ClCompile>
    <ClCompile Include="PlayerSceneExample.cpp">
      <Filter>NonFramework</Filter>
    </ClCompile>
    <ClCompile Include="ObjectExample.cpp">
      <Filter>NonFramework</Filter>
    </ClCompile>
    <ClCompile Include="d3dTexture.cpp">
      <Filter>D3DSetup</Filter>
    </ClCompile>
    <ClCompile Include="ResourceManager.cpp">
      <Filter>Header Files</Filter>
    </ClCompile>
    <ClCompile Include="ModelLoader.cpp">
      <Filter>Source Files</Filter>
    </ClCompile>
    <ClCompile Include="d3dMaterial.cpp">
      <Filter>D3DSetup</Filter>
    </ClCompile>
    <ClCompile Include="d3dConstantBuffer.cpp">
      <Filter>D3DSetup</Filter>
    </ClCompile>
    <ClCompile Include="textureshaderclass.cpp">
      <Filter>D3DSetup</Filter>
    </ClCompile>
    <ClCompile Include="d3dShaderManager.cpp">
      <Filter>D3DSetup</Filter>
    </ClCompile>
    <ClCompile Include="d3dShaderInterface.cpp">
      <Filter>Source Files</Filter>
    </ClCompile>
    <ClCompile Include="d3dShaderVS.cpp">
      <Filter>D3DSetup\D3DShaderTypes</Filter>
    </ClCompile>
    <ClCompile Include="d3dShaderPS.cpp">
      <Filter>D3DSetup\D3DShaderTypes</Filter>
    </ClCompile>
  </ItemGroup>
  <ItemGroup>
    <ClInclude Include="inputclass.h">
      <Filter>Source Files</Filter>
    </ClInclude>
    <ClInclude Include="systemclass.h">
      <Filter>Source Files</Filter>
    </ClInclude>
    <ClInclude Include="cameraclass.h">
      <Filter>Source Files</Filter>
    </ClInclude>
    <ClInclude Include="modelclass.h">
      <Filter>Source Files</Filter>
    </ClInclude>
    <ClInclude Include="Application.h">
      <Filter>NonFramework</Filter>
    </ClInclude>
    <ClInclude Include="IApplication.h">
      <Filter>NonFramework</Filter>
    </ClInclude>
    <ClInclude Include="IScene.h">
      <Filter>NonFramework</Filter>
    </ClInclude>
    <ClInclude Include="ModelData.h">
      <Filter>Source Files</Filter>
    </ClInclude>
    <ClInclude Include="d3dclass.h">
      <Filter>D3DSetup</Filter>
    </ClInclude>
    <ClInclude Include="d3dDXGIManager.h">
      <Filter>D3DSetup</Filter>
    </ClInclude>
    <ClInclude Include="d3dSwapchain.h">
      <Filter>D3DSetup</Filter>
    </ClInclude>
    <ClInclude Include="graphicsclass.h">
      <Filter>D3DSetup</Filter>
    </ClInclude>
    <ClInclude Include="colorshaderclass.h">
      <Filter>D3DSetup</Filter>
    </ClInclude>
    <ClInclude Include="d3dDepthStencil.h">
      <Filter>D3DSetup</Filter>
    </ClInclude>
    <ClInclude Include="d3dRasterizerState.h">
      <Filter>D3DSetup</Filter>
    </ClInclude>
    <ClInclude Include="d3dVertexBuffer.h">
      <Filter>D3DSetup</Filter>
    </ClInclude>
    <ClInclude Include="IObject.h">
      <Filter>NonFramework</Filter>
    </ClInclude>
    <ClInclude Include="PlayerSceneExample.h">
      <Filter>NonFramework</Filter>
    </ClInclude>
    <ClInclude Include="ResourceManager.h">
      <Filter>Header Files</Filter>
    </ClInclude>
    <ClInclude Include="ObjectExample.h">
      <Filter>NonFramework</Filter>
    </ClInclude>
    <ClInclude Include="easylogging++.h">
      <Filter>Libs</Filter>
    </ClInclude>
    <ClInclude Include="d3dTexture.h">
      <Filter>D3DSetup</Filter>
    </ClInclude>
    <ClInclude Include="ModelLoader.h">
      <Filter>Source Files</Filter>
    </ClInclude>
    <ClInclude Include="d3dMaterial.h">
      <Filter>D3DSetup</Filter>
    </ClInclude>
    <ClInclude Include="d3dConstantBuffer.h">
      <Filter>D3DSetup</Filter>
    </ClInclude>
    <ClInclude Include="LightStruct.h">
      <Filter>D3DSetup</Filter>
    </ClInclude>
    <ClInclude Include="ConstantBuffers.h">
      <Filter>D3DSetup</Filter>
    </ClInclude>
    <ClInclude Include="textureshaderclass.h">
      <Filter>D3DSetup</Filter>
    </ClInclude>
    <ClInclude Include="d3dShaderManager.h">
      <Filter>D3DSetup</Filter>
    </ClInclude>
    <ClInclude Include="d3dShaderInterface.h">
      <Filter>Header Files</Filter>
    </ClInclude>
    <ClInclude Include="d3dShaderVS.h">
      <Filter>D3DSetup\D3DShaderTypes</Filter>
    </ClInclude>
    <ClInclude Include="ShaderHelperFunctions.h">
      <Filter>D3DSetup\D3DShaderTypes</Filter>
    </ClInclude>
    <ClInclude Include="d3dShaderPS.h">
      <Filter>D3DSetup\D3DShaderTypes</Filter>
    </ClInclude>
  </ItemGroup>
  <ItemGroup>
    <None Include="PS_texture.hlsl" />
  </ItemGroup>
  <ItemGroup>
    <FxCompile Include="Shaders\VS_texture.hlsl">
      <Filter>Shaders</Filter>
    </FxCompile>
    <FxCompile Include="Shaders\Lighting.hlsl">
      <Filter>Shaders</Filter>
    </FxCompile>
    <FxCompile Include="Shaders\PS_texture.hlsl">
      <Filter>Shaders</Filter>
    </FxCompile>
    <FxCompile Include="Shaders\PS_color.hlsl">
      <Filter>Shaders</Filter>
    </FxCompile>
    <FxCompile Include="Shaders\VS_color.hlsl">
      <Filter>Shaders</Filter>
    </FxCompile>
  </ItemGroup>
</Project>