<?xml version="1.0" encoding="utf-8"?>
<Project ToolsVersion="4.0" xmlns="http://schemas.microsoft.com/developer/msbuild/2003">
  <ItemGroup>
    <Filter Include="Source Files">
      <UniqueIdentifier>{4FC737F1-C7A5-4376-A066-2A32D752A2FF}</UniqueIdentifier>
      <Extensions>cpp;c;cc;cxx;def;odl;idl;hpj;bat;asm;asmx</Extensions>
    </Filter>
    <Filter Include="NonFramework">
      <UniqueIdentifier>{4e955b5b-fc21-4d4c-a79d-eb2dd2a0b945}</UniqueIdentifier>
    </Filter>
    <Filter Include="Shaders">
      <UniqueIdentifier>{b2b50b26-a570-4f6b-b7bd-7a2109b2496d}</UniqueIdentifier>
    </Filter>
    <Filter Include="D3DSetup">
      <UniqueIdentifier>{98f7d22c-5811-4874-b94a-917adcac9a36}</UniqueIdentifier>
    </Filter>
    <Filter Include="Libs">
      <UniqueIdentifier>{b5c942b3-b9a3-4ea9-91e2-dfe1d138626c}</UniqueIdentifier>
    </Filter>
    <Filter Include="Utility">
      <UniqueIdentifier>{1578abde-7f40-4936-90cb-27fbb939e80a}</UniqueIdentifier>
    </Filter>
    <Filter Include="Libs\IMGUI">
      <UniqueIdentifier>{ee975a26-cde9-4b1e-90cd-016fbccacbd5}</UniqueIdentifier>
    </Filter>
    <Filter Include="Platform">
      <UniqueIdentifier>{58bcb988-2c8e-4a4e-8d48-c692b36e1be6}</UniqueIdentifier>
    </Filter>
  </ItemGroup>
  <ItemGroup>
    <ClCompile Include="Main.cpp">
      <Filter>Source Files</Filter>
    </ClCompile>
    <ClCompile Include="PlayerSceneExample.cpp">
      <Filter>NonFramework</Filter>
    </ClCompile>
    <ClCompile Include="d3dShaderManager.cpp">
      <Filter>D3DSetup</Filter>
    </ClCompile>
    <ClCompile Include="d3dLightClass.cpp">
      <Filter>D3DSetup</Filter>
    </ClCompile>
    <ClCompile Include="inputclass.cpp">
      <Filter>Utility</Filter>
    </ClCompile>
    <ClCompile Include="EngineTimer.cpp">
      <Filter>Utility</Filter>
    </ClCompile>
    <ClCompile Include="ModelLoader.cpp">
      <Filter>Utility</Filter>
    </ClCompile>
    <ClCompile Include="GraphicsSettings.cpp">
      <Filter>Source Files</Filter>
    </ClCompile>
    <ClCompile Include="Renderer.cpp">
      <Filter>Source Files</Filter>
    </ClCompile>
    <ClCompile Include="imgui.cpp">
      <Filter>Libs\IMGUI</Filter>
    </ClCompile>
    <ClCompile Include="imgui_draw.cpp">
      <Filter>Libs\IMGUI</Filter>
    </ClCompile>
    <ClCompile Include="imgui_demo.cpp">
      <Filter>Libs\IMGUI</Filter>
    </ClCompile>
    <ClCompile Include="ImguiImplementation.cpp">
      <Filter>Libs\IMGUI</Filter>
    </ClCompile>
    <ClCompile Include="ResourceManager.cpp">
      <Filter>Source Files</Filter>
    </ClCompile>
    <ClCompile Include="MathHelper.cpp">
      <Filter>Utility</Filter>
    </ClCompile>
    <ClCompile Include="IObject.cpp">
      <Filter>NonFramework</Filter>
    </ClCompile>
    <ClCompile Include="IScene.cpp">
      <Filter>NonFramework</Filter>
    </ClCompile>
    <ClCompile Include="d3dConstantBuffer.cpp">
      <Filter>D3DSetup</Filter>
    </ClCompile>
    <ClCompile Include="Camera.cpp">
      <Filter>NonFramework</Filter>
    </ClCompile>
    <ClCompile Include="FrustumG.cpp">
      <Filter>Utility</Filter>
    </ClCompile>
    <ClCompile Include="Plane.cpp">
      <Filter>Utility</Filter>
    </ClCompile>
    <ClCompile Include="GPUProfiler.cpp">
      <Filter>Utility</Filter>
    </ClCompile>
  </ItemGroup>
  <ItemGroup>
    <ClInclude Include="PlayerSceneExample.h">
      <Filter>NonFramework</Filter>
    </ClInclude>
    <ClInclude Include="easylogging++.h">
      <Filter>Libs</Filter>
    </ClInclude>
    <ClInclude Include="ConstantBuffers.h">
      <Filter>D3DSetup</Filter>
    </ClInclude>
    <ClInclude Include="d3dShaderManager.h">
      <Filter>D3DSetup</Filter>
    </ClInclude>
    <ClInclude Include="d3dLightClass.h">
      <Filter>D3DSetup</Filter>
    </ClInclude>
    <ClInclude Include="inputclass.h">
      <Filter>Utility</Filter>
    </ClInclude>
    <ClInclude Include="EngineTimer.h">
      <Filter>Utility</Filter>
    </ClInclude>
    <ClInclude Include="ModelLoader.h">
      <Filter>Utility</Filter>
    </ClInclude>
    <ClInclude Include="imgui.h">
      <Filter>Libs\IMGUI</Filter>
    </ClInclude>
    <ClInclude Include="imgui_internal.h">
      <Filter>Libs\IMGUI</Filter>
    </ClInclude>
    <ClInclude Include="imconfig.h">
      <Filter>Libs\IMGUI</Filter>
    </ClInclude>
    <ClInclude Include="stb_rect_pack.h">
      <Filter>Libs\IMGUI</Filter>
    </ClInclude>
    <ClInclude Include="stb_textedit.h">
      <Filter>Libs\IMGUI</Filter>
    </ClInclude>
    <ClInclude Include="stb_truetype.h">
      <Filter>Libs\IMGUI</Filter>
    </ClInclude>
    <ClInclude Include="ImguiImplementation.h">
      <Filter>Libs\IMGUI</Filter>
    </ClInclude>
    <ClInclude Include="Renderer.h">
      <Filter>Source Files</Filter>
    </ClInclude>
    <ClInclude Include="GraphicsSettings.h">
      <Filter>Source Files</Filter>
    </ClInclude>
    <ClInclude Include="ResourceManager.h">
      <Filter>Source Files</Filter>
    </ClInclude>
    <ClInclude Include="MathHelper.h">
      <Filter>Utility</Filter>
    </ClInclude>
    <ClInclude Include="IScene.h">
      <Filter>NonFramework</Filter>
    </ClInclude>
    <ClInclude Include="IObject.h">
      <Filter>NonFramework</Filter>
    </ClInclude>
    <ClInclude Include="d3dConstantBuffer.h">
      <Filter>D3DSetup</Filter>
    </ClInclude>
    <ClInclude Include="camera.h">
      <Filter>NonFramework</Filter>
    </ClInclude>
    <ClInclude Include="GraphicsStructures.h">
      <Filter>D3DSetup</Filter>
    </ClInclude>
    <ClInclude Include="d3d11HelperFile.h">
      <Filter>Utility</Filter>
    </ClInclude>
    <ClInclude Include="WindowsAndDXIncludes.h">
      <Filter>Platform</Filter>
    </ClInclude>
    <ClInclude Include="GenericMathValueStructs.h">
      <Filter>D3DSetup</Filter>
    </ClInclude>
    <ClInclude Include="FrustumG.h">
      <Filter>Utility</Filter>
    </ClInclude>
    <ClInclude Include="Plane.h">
      <Filter>Utility</Filter>
    </ClInclude>
    <ClInclude Include="ShaderHelperFunctions.h">
      <Filter>D3DSetup</Filter>
    </ClInclude>
    <ClInclude Include="GPUProfiler.h">
      <Filter>Utility</Filter>
    </ClInclude>
  </ItemGroup>
  <ItemGroup>
    <None Include="Shaders\VS_texture.hlsl">
      <Filter>Shaders</Filter>
    </None>
    <None Include="Shaders\Lighting.hlsl">
      <Filter>Shaders</Filter>
    </None>
    <None Include="Shaders\PS_color.hlsl">
      <Filter>Shaders</Filter>
    </None>
    <None Include="Shaders\PS_texture.hlsl">
      <Filter>Shaders</Filter>
    </None>
    <None Include="Shaders\VS_color.hlsl">
      <Filter>Shaders</Filter>
    </None>
    <None Include="Shaders\VS_shadow.hlsl">
      <Filter>Shaders</Filter>
    </None>
    <None Include="Shaders\PS_shadow.hlsl">
      <Filter>Shaders</Filter>
    </None>
    <None Include="Shaders\VS_depth.hlsl">
      <Filter>Shaders</Filter>
    </None>
    <None Include="Shaders\fullScreenQuad_PS.hlsl">
      <Filter>Shaders</Filter>
    </None>
    <None Include="Shaders\fullScreenQuad_VS.hlsl">
      <Filter>Shaders</Filter>
    </None>
    <None Include="Shaders\PS_GBufferFill.hlsl">
      <Filter>Shaders</Filter>
    </None>
    <None Include="Shaders\VS_GBufferFill.hlsl">
      <Filter>Shaders</Filter>
    </None>
    <None Include="Shaders\PS_DeferredLighting.hlsl">
      <Filter>Shaders</Filter>
    </None>
    <None Include="Shaders\VS_DeferredLighting.hlsl">
      <Filter>Shaders</Filter>
    </None>
    <None Include="Shaders\CS_GuassianBlur.hlsl">
      <Filter>Shaders</Filter>
    </None>
    <None Include="Shaders\PS_Blur.hlsl">
      <Filter>Shaders</Filter>
    </None>
    <None Include="Shaders\PS_SSAO.hlsl">
      <Filter>Shaders</Filter>
    </None>
    <None Include="Shaders\VS_Blur.hlsl">
      <Filter>Shaders</Filter>
    </None>
    <None Include="Shaders\VS_SSAO.hlsl">
      <Filter>Shaders</Filter>
    </None>
    <None Include="Shaders\PS_Skybox.hlsl">
      <Filter>Shaders</Filter>
    </None>
    <None Include="Shaders\VS_Skybox.hlsl">
      <Filter>Shaders</Filter>
    </None>
    <None Include="Shaders\VS_DeferredLightingVolumes.hlsl">
      <Filter>Shaders</Filter>
    </None>
  </ItemGroup>
  <ItemGroup>
    <FxCompile Include="Shaders\VS_VelocityBuffer.hlsl">
      <Filter>Shaders</Filter>
    </FxCompile>
    <FxCompile Include="Shaders\PS_VelocityBuffer.hlsl">
      <Filter>Shaders</Filter>
    </FxCompile>
  </ItemGroup>
</Project>